<Solution>
  <Folder Name="/Solution Items/">
    <File Path="README.md" />
  </Folder>
  <Folder Name="/Solution Items/Docs/">
    <File Path="Docs/ARCHITECTURE.md" />
    <File Path="Docs/Performance.md" />
  </Folder>
  <Folder Name="/Solution Items/Docs/DataSheets/">
    <File Path="Docs/DataSheets/w65c02s.pdf" />
    <File Path="Docs/DataSheets/w65c22.pdf" />
  </Folder>
  <Folder Name="/Solution Items/Docs/Images/">
    <File Path="Docs/Images/InterruptTiming.png" />
    <File Path="Docs/Images/ReadTiming.png" />
    <File Path="Docs/Images/WriteTiming.png" />
  </Folder>
  <Folder Name="/W65C02S/">
    <Project Path="W65C02S.Benchmarks/W65C02S.Benchmarks.csproj" />
    <Project Path="W65C02S.DigisimPlugin.Tests/W65C02S.DigisimPlugin.Tests.csproj" />
    <Project Path="W65C02S.DigisimPlugin/W65C02S.DigisimPlugin.csproj" />
    <Project Path="W65C02S.Engine.Tests/W65C02S.Engine.Tests.csproj" />
    <Project Path="W65C02S.Engine/W65C02S.Engine.csproj" />
    <Project Path="W65C02S.ValidationSuite/W65C02S.ValidationSuite.csproj" />
  </Folder>
  <Folder Name="/W65C22/">
    <Project Path="W65C22.DigisimPlugin.Tests/W65C22.DigisimPlugin.Tests.csproj" />
    <Project Path="W65C22.DigisimPlugin/W65C22.DigisimPlugin.csproj" />
    <Project Path="W65C22.Engine.Tests/W65C22.Engine.Tests.csproj" />
    <Project Path="W65C22.Engine/W65C22.Engine.csproj" />
  </Folder>
  <Project Path="DigisimPlugin.TestHelpers/DigisimPlugin.TestHelpers.csproj" />
</Solution>
